<?xml version="1.0" encoding="utf-8"?>
<Project ToolsVersion="4.0" xmlns="http://schemas.microsoft.com/developer/msbuild/2003">
  <ItemGroup>
    <Filter Include="Zdrojové soubory">
      <UniqueIdentifier>{4FC737F1-C7A5-4376-A066-2A32D752A2FF}</UniqueIdentifier>
      <Extensions>cpp;c;cc;cxx;def;odl;idl;hpj;bat;asm;asmx</Extensions>
    </Filter>
    <Filter Include="Hlavičkové soubory">
      <UniqueIdentifier>{93995380-89BD-4b04-88EB-625FBE52EBFB}</UniqueIdentifier>
      <Extensions>h;hh;hpp;hxx;hm;inl;inc;ipp;xsd</Extensions>
    </Filter>
    <Filter Include="Soubory zdrojů">
      <UniqueIdentifier>{67DA6AB6-F800-4c08-8B7A-83BB121AAD01}</UniqueIdentifier>
      <Extensions>rc;ico;cur;bmp;dlg;rc2;rct;bin;rgs;gif;jpg;jpeg;jpe;resx;tiff;tif;png;wav;mfcribbon-ms</Extensions>
    </Filter>
    <Filter Include="python">
      <UniqueIdentifier>{5ed942a5-1bf6-46a2-87bb-e1d7df0e42e3}</UniqueIdentifier>
    </Filter>
    <Filter Include="Zdrojové soubory\old">
      <UniqueIdentifier>{5b36c64b-72cd-4788-9387-2d7f56d173d5}</UniqueIdentifier>
    </Filter>
    <Filter Include="Zdrojové soubory\source">
      <UniqueIdentifier>{439b0d3c-f01c-408f-8f6b-caf32257c7c7}</UniqueIdentifier>
    </Filter>
    <Filter Include="Hlavičkové soubory\include">
      <UniqueIdentifier>{22e72748-834f-43a4-9b16-26b8bc4061f6}</UniqueIdentifier>
    </Filter>
    <Filter Include="Hlavičkové soubory\python">
      <UniqueIdentifier>{04f4cf1b-153f-44dd-a46a-d6b9023e8ca1}</UniqueIdentifier>
    </Filter>
    <Filter Include="Zdrojové soubory\python">
      <UniqueIdentifier>{48539e6e-9fa0-4b98-a3b4-31e660687b56}</UniqueIdentifier>
    </Filter>
  </ItemGroup>
  <ItemGroup>
    <ClInclude Include="utils.h">
      <Filter>Hlavičkové soubory\include</Filter>
    </ClInclude>
    <ClInclude Include="init.h">
      <Filter>Hlavičkové soubory\include</Filter>
    </ClInclude>
    <ClInclude Include="wintoastlib.h">
      <Filter>Hlavičkové soubory\include</Filter>
    </ClInclude>
    <ClInclude Include="py_template.h">
      <Filter>Hlavičkové soubory\python</Filter>
    </ClInclude>
    <ClInclude Include="py_utils.h">
      <Filter>Hlavičkové soubory\python</Filter>
    </ClInclude>
    <ClInclude Include="py_module.h">
      <Filter>Hlavičkové soubory\python</Filter>
    </ClInclude>
    <ClInclude Include="event_handler.h">
      <Filter>Hlavičkové soubory\include</Filter>
    </ClInclude>
  </ItemGroup>
  <ItemGroup>
    <ClCompile Include="bindings_notification.cpp">
      <Filter>Zdrojové soubory\old</Filter>
    </ClCompile>
    <ClCompile Include="bindings_notification_manager.cpp">
      <Filter>Zdrojové soubory\old</Filter>
    </ClCompile>
    <ClCompile Include="wintoastlib.cpp">
      <Filter>Zdrojové soubory\source</Filter>
    </ClCompile>
    <ClCompile Include="py_init.h">
      <Filter>Hlavičkové soubory\python</Filter>
    </ClCompile>
    <ClCompile Include="py_module.cpp">
      <Filter>Zdrojové soubory\python</Filter>
    </ClCompile>
    <ClCompile Include="py_init.cpp">
      <Filter>Zdrojové soubory\python</Filter>
    </ClCompile>
    <ClCompile Include="py_template.cpp">
      <Filter>Zdrojové soubory\python</Filter>
    </ClCompile>
    <ClCompile Include="py_utils.cpp">
      <Filter>Zdrojové soubory\python</Filter>
    </ClCompile>
    <ClCompile Include="init.cpp">
      <Filter>Zdrojové soubory\source</Filter>
    </ClCompile>
    <ClCompile Include="utils.cpp">
      <Filter>Zdrojové soubory\source</Filter>
    </ClCompile>
    <ClCompile Include="event_handler.cpp">
      <Filter>Zdrojové soubory\source</Filter>
    </ClCompile>
  </ItemGroup>
  <ItemGroup>
    <None Include="setup.py">
      <Filter>python</Filter>
    </None>
  </ItemGroup>
</Project>